
Microsoft Visual Studio Solution File, Format Version 12.00
# Visual Studio Version 17
VisualStudioVersion = 17.2.32630.192
MinimumVisualStudioVersion = 10.0.40219.1
Project("{FAE04EC0-301F-11D3-BF4B-00C04F79EFBC}") = "CShp_Dapper1", "CShp_Dapper1\CShp_Dapper1.csproj", "{6E2A5ABD-6211-4248-A84C-2A9CFB242622}"
EndProject
Global
	GlobalSection(SolutionConfigurationPlatforms) = preSolution
		Debug|Any CPU = Debug|Any CPU
		Release|Any CPU = Release|Any CPU
	EndGlobalSection
	GlobalSection(ProjectConfigurationPlatforms) = postSolution
		{6E2A5ABD-6211-4248-A84C-2A9CFB242622}.Debug|Any CPU.ActiveCfg = Debug|Any CPU
		{6E2A5ABD-6211-4248-A84C-2A9CFB242622}.Debug|Any CPU.Build.0 = Debug|Any CPU
		{6E2A5ABD-6211-4248-A84C-2A9CFB242622}.Release|Any CPU.ActiveCfg = Release|Any CPU
		{6E2A5ABD-6211-4248-A84C-2A9CFB242622}.Release|Any CPU.Build.0 = Release|Any CPU
	EndGlobalSection
	GlobalSection(SolutionProperties) = preSolution
		HideSolutionNode = FALSE
	EndGlobalSection
	GlobalSection(ExtensibilityGlobals) = postSolution
		SolutionGuid = {31C8C918-3CED-4D1D-A7E6-A91550B555E4}
	EndGlobalSection
EndGlobal
